
Microsoft Visual Studio Solution File, Format Version 12.00
# Visual Studio Version 17
VisualStudioVersion = 17.4.33213.308
MinimumVisualStudioVersion = 10.0.40219.1
Project("{FAE04EC0-301F-11D3-BF4B-00C04F79EFBC}") = "BubbleSort", "bb\BubbleSort.csproj", "{A3CCEF2A-2047-48AA-B986-69FB756A9285}"
EndProject
Global
	GlobalSection(SolutionConfigurationPlatforms) = preSolution
		Debug|Any CPU = Debug|Any CPU
		Release|Any CPU = Release|Any CPU
	EndGlobalSection
	GlobalSection(ProjectConfigurationPlatforms) = postSolution
		{A3CCEF2A-2047-48AA-B986-69FB756A9285}.Debug|Any CPU.ActiveCfg = Debug|Any CPU
		{A3CCEF2A-2047-48AA-B986-69FB756A9285}.Debug|Any CPU.Build.0 = Debug|Any CPU
		{A3CCEF2A-2047-48AA-B986-69FB756A9285}.Release|Any CPU.ActiveCfg = Release|Any CPU
		{A3CCEF2A-2047-48AA-B986-69FB756A9285}.Release|Any CPU.Build.0 = Release|Any CPU
	EndGlobalSection
	GlobalSection(SolutionProperties) = preSolution
		HideSolutionNode = FALSE
	EndGlobalSection
	GlobalSection(ExtensibilityGlobals) = postSolution
		SolutionGuid = {FE303EA3-2F8B-4FDD-B384-86083BAFAACC}
	EndGlobalSection
EndGlobal
