
Microsoft Visual Studio Solution File, Format Version 12.00
# Visual Studio Version 17
VisualStudioVersion = 17.4.33213.308
MinimumVisualStudioVersion = 10.0.40219.1
Project("{FAE04EC0-301F-11D3-BF4B-00C04F79EFBC}") = "FindAreaAndPerimeter", "FindAreaAndPerimeter\FindAreaAndPerimeter.csproj", "{57948397-8639-4617-A614-6ABD8853BBDC}"
EndProject
Project("{FAE04EC0-301F-11D3-BF4B-00C04F79EFBC}") = "ConsoleApp1", "ConsoleApp1\ConsoleApp1.csproj", "{1721FD9A-7A1A-4DFD-8A75-11985687FE14}"
EndProject
Project("{FAE04EC0-301F-11D3-BF4B-00C04F79EFBC}") = "FindArrayAndPerimeterTest", "FindArrayAndPerimeterTest\FindArrayAndPerimeterTest.csproj", "{790AED79-DF0F-403F-B86C-E5B96902CEFB}"
EndProject
Global
	GlobalSection(SolutionConfigurationPlatforms) = preSolution
		Debug|Any CPU = Debug|Any CPU
		Release|Any CPU = Release|Any CPU
	EndGlobalSection
	GlobalSection(ProjectConfigurationPlatforms) = postSolution
		{57948397-8639-4617-A614-6ABD8853BBDC}.Debug|Any CPU.ActiveCfg = Debug|Any CPU
		{57948397-8639-4617-A614-6ABD8853BBDC}.Debug|Any CPU.Build.0 = Debug|Any CPU
		{57948397-8639-4617-A614-6ABD8853BBDC}.Release|Any CPU.ActiveCfg = Release|Any CPU
		{57948397-8639-4617-A614-6ABD8853BBDC}.Release|Any CPU.Build.0 = Release|Any CPU
		{1721FD9A-7A1A-4DFD-8A75-11985687FE14}.Debug|Any CPU.ActiveCfg = Debug|Any CPU
		{1721FD9A-7A1A-4DFD-8A75-11985687FE14}.Debug|Any CPU.Build.0 = Debug|Any CPU
		{1721FD9A-7A1A-4DFD-8A75-11985687FE14}.Release|Any CPU.ActiveCfg = Release|Any CPU
		{1721FD9A-7A1A-4DFD-8A75-11985687FE14}.Release|Any CPU.Build.0 = Release|Any CPU
		{790AED79-DF0F-403F-B86C-E5B96902CEFB}.Debug|Any CPU.ActiveCfg = Debug|Any CPU
		{790AED79-DF0F-403F-B86C-E5B96902CEFB}.Debug|Any CPU.Build.0 = Debug|Any CPU
		{790AED79-DF0F-403F-B86C-E5B96902CEFB}.Release|Any CPU.ActiveCfg = Release|Any CPU
		{790AED79-DF0F-403F-B86C-E5B96902CEFB}.Release|Any CPU.Build.0 = Release|Any CPU
	EndGlobalSection
	GlobalSection(SolutionProperties) = preSolution
		HideSolutionNode = FALSE
	EndGlobalSection
	GlobalSection(ExtensibilityGlobals) = postSolution
		SolutionGuid = {C1461357-25E1-4668-A8C4-9AA838251F7F}
	EndGlobalSection
EndGlobal
